// !$*UTF8*$!
{
	archiveVersion = 1;
	classes = {
	};
	objectVersion = 50;
	objects = {

/* Begin PBXBuildFile section */
		4FF3E19C25383074003B5E16 /* AppDelegate.swift in Sources */ = {isa = PBXBuildFile; fileRef = 4FF3E19B25383074003B5E16 /* AppDelegate.swift */; };
		4FF3E19E25383074003B5E16 /* SceneDelegate.swift in Sources */ = {isa = PBXBuildFile; fileRef = 4FF3E19D25383074003B5E16 /* SceneDelegate.swift */; };
		4FF3E1A025383074003B5E16 /* ViewController.swift in Sources */ = {isa = PBXBuildFile; fileRef = 4FF3E19F25383074003B5E16 /* ViewController.swift */; };
		4FF3E1A325383074003B5E16 /* Main.storyboard in Resources */ = {isa = PBXBuildFile; fileRef = 4FF3E1A125383074003B5E16 /* Main.storyboard */; };
		4FF3E1A525383076003B5E16 /* Assets.xcassets in Resources */ = {isa = PBXBuildFile; fileRef = 4FF3E1A425383076003B5E16 /* Assets.xcassets */; };
		4FF3E1A825383076003B5E16 /* LaunchScreen.storyboard in Resources */ = {isa = PBXBuildFile; fileRef = 4FF3E1A625383076003B5E16 /* LaunchScreen.storyboard */; };
/* End PBXBuildFile section */

/* Begin PBXFileReference section */
		4FF3E19825383074003B5E16 /* so64366673.app */ = {isa = PBXFileReference; explicitFileType = wrapper.application; includeInIndex = 0; path = so64366673.app; sourceTree = BUILT_PRODUCTS_DIR; };
		4FF3E19B25383074003B5E16 /* AppDelegate.swift */ = {isa = PBXFileReference; lastKnownFileType = sourcecode.swift; path = AppDelegate.swift; sourceTree = "<group>"; };
		4FF3E19D25383074003B5E16 /* SceneDelegate.swift */ = {isa = PBXFileReference; lastKnownFileType = sourcecode.swift; path = SceneDelegate.swift; sourceTree = "<group>"; };
		4FF3E19F25383074003B5E16 /* ViewController.swift */ = {isa = PBXFileReference; lastKnownFileType = sourcecode.swift; path = ViewController.swift; sourceTree = "<group>"; };
		4FF3E1A225383074003B5E16 /* Base */ = {isa = PBXFileReference; lastKnownFileType = file.storyboard; name = Base; path = Base.lproj/Main.storyboard; sourceTree = "<group>"; };
		4FF3E1A425383076003B5E16 /* Assets.xcassets */ = {isa = PBXFileReference; lastKnownFileType = folder.assetcatalog; path = Assets.xcassets; sourceTree = "<group>"; };
		4FF3E1A725383076003B5E16 /* Base */ = {isa = PBXFileReference; lastKnownFileType = file.storyboard; name = Base; path = Base.lproj/LaunchScreen.storyboard; sourceTree = "<group>"; };
		4FF3E1A925383076003B5E16 /* Info.plist */ = {isa = PBXFileReference; lastKnownFileType = text.plist.xml; path = Info.plist; sourceTree = "<group>"; };
/* End PBXFileReference section */

/* Begin PBXFrameworksBuildPhase section */
		4FF3E19525383074003B5E16 /* Frameworks */ = {
			isa = PBXFrameworksBuildPhase;
			buildActionMask = 2147483647;
			files = (
			);
			runOnlyForDeploymentPostprocessing = 0;
		};
/* End PBXFrameworksBuildPhase section */

/* Begin PBXGroup section */
		4FF3E18F25383074003B5E16 = {
			isa = PBXGroup;
			children = (
				4FF3E19A25383074003B5E16 /* so64366673 */,
				4FF3E19925383074003B5E16 /* Products */,
			);
			sourceTree = "<group>";
		};
		4FF3E19925383074003B5E16 /* Products */ = {
			isa = PBXGroup;
			children = (
				4FF3E19825383074003B5E16 /* so64366673.app */,
			);
			name = Products;
			sourceTree = "<group>";
		};
		4FF3E19A25383074003B5E16 /* so64366673 */ = {
			isa = PBXGroup;
			children = (
				4FF3E19B25383074003B5E16 /* AppDelegate.swift */,
				4FF3E19D25383074003B5E16 /* SceneDelegate.swift */,
				4FF3E19F25383074003B5E16 /* ViewController.swift */,
				4FF3E1A125383074003B5E16 /* Main.storyboard */,
				4FF3E1A425383076003B5E16 /* Assets.xcassets */,
				4FF3E1A625383076003B5E16 /* LaunchScreen.storyboard */,
				4FF3E1A925383076003B5E16 /* Info.plist */,
			);
			path = so64366673;
			sourceTree = "<group>";
		};
/* End PBXGroup section */

/* Begin PBXNativeTarget section */
		4FF3E19725383074003B5E16 /* so64366673 */ = {
			isa = PBXNativeTarget;
			buildConfigurationList = 4FF3E1AC25383076003B5E16 /* Build configuration list for PBXNativeTarget "so64366673" */;
			buildPhases = (
				4FF3E19425383074003B5E16 /* Sources */,
				4FF3E19525383074003B5E16 /* Frameworks */,
				4FF3E19625383074003B5E16 /* Resources */,
			);
			buildRules = (
			);
			dependencies = (
			);
			name = so64366673;
			productName = so64366673;
			productReference = 4FF3E19825383074003B5E16 /* so64366673.app */;
			productType = "com.apple.product-type.application";
		};
/* End PBXNativeTarget section */

/* Begin PBXProject section */
		4FF3E19025383074003B5E16 /* Project object */ = {
			isa = PBXProject;
			attributes = {
				LastSwiftUpdateCheck = 1170;
				LastUpgradeCheck = 1170;
				ORGANIZATIONNAME = test;
				TargetAttributes = {
					4FF3E19725383074003B5E16 = {
						CreatedOnToolsVersion = 11.7;
					};
				};
			};
			buildConfigurationList = 4FF3E19325383074003B5E16 /* Build configuration list for PBXProject "so64366673" */;
			compatibilityVersion = "Xcode 9.3";
			developmentRegion = en;
			hasScannedForEncodings = 0;
			knownRegions = (
				en,
				Base,
			);
			mainGroup = 4FF3E18F25383074003B5E16;
			productRefGroup = 4FF3E19925383074003B5E16 /* Products */;
			projectDirPath = "";
			projectRoot = "";
			targets = (
				4FF3E19725383074003B5E16 /* so64366673 */,
			);
		};
/* End PBXProject section */

/* Begin PBXResourcesBuildPhase section */
		4FF3E19625383074003B5E16 /* Resources */ = {
			isa = PBXResourcesBuildPhase;
			buildActionMask = 2147483647;
			files = (
				4FF3E1A825383076003B5E16 /* LaunchScreen.storyboard in Resources */,
				4FF3E1A525383076003B5E16 /* Assets.xcassets in Resources */,
				4FF3E1A325383074003B5E16 /* Main.storyboard in Resources */,
			);
			runOnlyForDeploymentPostprocessing = 0;
		};
/* End PBXResourcesBuildPhase section */

/* Begin PBXSourcesBuildPhase section */
		4FF3E19425383074003B5E16 /* Sources */ = {
			isa = PBXSourcesBuildPhase;
			buildActionMask = 2147483647;
			files = (
				4FF3E1A025383074003B5E16 /* ViewController.swift in Sources */,
				4FF3E19C25383074003B5E16 /* AppDelegate.swift in Sources */,
				4FF3E19E25383074003B5E16 /* SceneDelegate.swift in Sources */,
			);
			runOnlyForDeploymentPostprocessing = 0;
		};
/* End PBXSourcesBuildPhase section */

/* Begin PBXVariantGroup section */
		4FF3E1A125383074003B5E16 /* Main.storyboard */ = {
			isa = PBXVariantGroup;
			children = (
				4FF3E1A225383074003B5E16 /* Base */,
			);
			name = Main.storyboard;
			sourceTree = "<group>";
		};
		4FF3E1A625383076003B5E16 /* LaunchScreen.storyboard */ = {
			isa = PBXVariantGroup;
			children = (
				4FF3E1A725383076003B5E16 /* Base */,
			);
			name = LaunchScreen.storyboard;
			sourceTree = "<group>";
		};
/* End PBXVariantGroup section */

/* Begin XCBuildConfiguration section */
		4FF3E1AA25383076003B5E16 /* Debug */ = {
			isa = XCBuildConfiguration;
			buildSettings = {
				ALWAYS_SEARCH_USER_PATHS = NO;
				CLANG_ANALYZER_NONNULL = YES;
				CLANG_ANALYZER_NUMBER_OBJECT_CONVERSION = YES_AGGRESSIVE;
				CLANG_CXX_LANGUAGE_STANDARD = "gnu++14";
				CLANG_CXX_LIBRARY = "libc++";
				CLANG_ENABLE_MODULES = YES;
				CLANG_ENABLE_OBJC_ARC = YES;
				CLANG_ENABLE_OBJC_WEAK = YES;
				CLANG_WARN_BLOCK_CAPTURE_AUTORELEASING = YES;
				CLANG_WARN_BOOL_CONVERSION = YES;
				CLANG_WARN_COMMA = YES;
				CLANG_WARN_CONSTANT_CONVERSION = YES;
				CLANG_WARN_DEPRECATED_OBJC_IMPLEMENTATIONS = YES;
				CLANG_WARN_DIRECT_OBJC_ISA_USAGE = YES_ERROR;
				CLANG_WARN_DOCUMENTATION_COMMENTS = YES;
				CLANG_WARN_EMPTY_BODY = YES;
				CLANG_WARN_ENUM_CONVERSION = YES;
				CLANG_WARN_INFINITE_RECURSION = YES;
				CLANG_WARN_INT_CONVERSION = YES;
				CLANG_WARN_NON_LITERAL_NULL_CONVERSION = YES;
				CLANG_WARN_OBJC_IMPLICIT_RETAIN_SELF = YES;
				CLANG_WARN_OBJC_LITERAL_CONVERSION = YES;
				CLANG_WARN_OBJC_ROOT_CLASS = YES_ERROR;
				CLANG_WARN_RANGE_LOOP_ANALYSIS = YES;
				CLANG_WARN_STRICT_PROTOTYPES = YES;
				CLANG_WARN_SUSPICIOUS_MOVE = YES;
				CLANG_WARN_UNGUARDED_AVAILABILITY = YES_AGGRESSIVE;
				CLANG_WARN_UNREACHABLE_CODE = YES;
				CLANG_WARN__DUPLICATE_METHOD_MATCH = YES;
				COPY_PHASE_STRIP = NO;
				DEBUG_INFORMATION_FORMAT = dwarf;
				ENABLE_STRICT_OBJC_MSGSEND = YES;
				ENABLE_TESTABILITY = YES;
				GCC_C_LANGUAGE_STANDARD = gnu11;
				GCC_DYNAMIC_NO_PIC = NO;
				GCC_NO_COMMON_BLOCKS = YES;
				GCC_OPTIMIZATION_LEVEL = 0;
				GCC_PREPROCESSOR_DEFINITIONS = (
					"DEBUG=1",
					"$(inherited)",
				);
				GCC_WARN_64_TO_32_BIT_CONVERSION = YES;
				GCC_WARN_ABOUT_RETURN_TYPE = YES_ERROR;
				GCC_WARN_UNDECLARED_SELECTOR = YES;
				GCC_WARN_UNINITIALIZED_AUTOS = YES_AGGRESSIVE;
				GCC_WARN_UNUSED_FUNCTION = YES;
				GCC_WARN_UNUSED_VARIABLE = YES;
				IPHONEOS_DEPLOYMENT_TARGET = 13.7;
				MTL_ENABLE_DEBUG_INFO = INCLUDE_SOURCE;
				MTL_FAST_MATH = YES;
				ONLY_ACTIVE_ARCH = YES;
				SDKROOT = iphoneos;
				SWIFT_ACTIVE_COMPILATION_CONDITIONS = DEBUG;
				SWIFT_OPTIMIZATION_LEVEL = "-Onone";
			};
			name = Debug;
		};
		4FF3E1AB25383076003B5E16 /* Release */ = {
			isa = XCBuildConfiguration;
			buildSettings = {
				ALWAYS_SEARCH_USER_PATHS = NO;
				CLANG_ANALYZER_NONNULL = YES;
				CLANG_ANALYZER_NUMBER_OBJECT_CONVERSION = YES_AGGRESSIVE;
				CLANG_CXX_LANGUAGE_STANDARD = "gnu++14";
				CLANG_CXX_LIBRARY = "libc++";
				CLANG_ENABLE_MODULES = YES;
				CLANG_ENABLE_OBJC_ARC = YES;
				CLANG_ENABLE_OBJC_WEAK = YES;
				CLANG_WARN_BLOCK_CAPTURE_AUTORELEASING = YES;
				CLANG_WARN_BOOL_CONVERSION = YES;
				CLANG_WARN_COMMA = YES;
				CLANG_WARN_CONSTANT_CONVERSION = YES;
				CLANG_WARN_DEPRECATED_OBJC_IMPLEMENTATIONS = YES;
				CLANG_WARN_DIRECT_OBJC_ISA_USAGE = YES_ERROR;
				CLANG_WARN_DOCUMENTATION_COMMENTS = YES;
				CLANG_WARN_EMPTY_BODY = YES;
				CLANG_WARN_ENUM_CONVERSION = YES;
				CLANG_WARN_INFINITE_RECURSION = YES;
				CLANG_WARN_INT_CONVERSION = YES;
				CLANG_WARN_NON_LITERAL_NULL_CONVERSION = YES;
				CLANG_WARN_OBJC_IMPLICIT_RETAIN_SELF = YES;
				CLANG_WARN_OBJC_LITERAL_CONVERSION = YES;
				CLANG_WARN_OBJC_ROOT_CLASS = YES_ERROR;
				CLANG_WARN_RANGE_LOOP_ANALYSIS = YES;
				CLANG_WARN_STRICT_PROTOTYPES = YES;
				CLANG_WARN_SUSPICIOUS_MOVE = YES;
				CLANG_WARN_UNGUARDED_AVAILABILITY = YES_AGGRESSIVE;
				CLANG_WARN_UNREACHABLE_CODE = YES;
				CLANG_WARN__DUPLICATE_METHOD_MATCH = YES;
				COPY_PHASE_STRIP = NO;
				DEBUG_INFORMATION_FORMAT = "dwarf-with-dsym";
				ENABLE_NS_ASSERTIONS = NO;
				ENABLE_STRICT_OBJC_MSGSEND = YES;
				GCC_C_LANGUAGE_STANDARD = gnu11;
				GCC_NO_COMMON_BLOCKS = YES;
				GCC_WARN_64_TO_32_BIT_CONVERSION = YES;
				GCC_WARN_ABOUT_RETURN_TYPE = YES_ERROR;
				GCC_WARN_UNDECLARED_SELECTOR = YES;
				GCC_WARN_UNINITIALIZED_AUTOS = YES_AGGRESSIVE;
				GCC_WARN_UNUSED_FUNCTION = YES;
				GCC_WARN_UNUSED_VARIABLE = YES;
				IPHONEOS_DEPLOYMENT_TARGET = 13.7;
				MTL_ENABLE_DEBUG_INFO = NO;
				MTL_FAST_MATH = YES;
				SDKROOT = iphoneos;
				SWIFT_COMPILATION_MODE = wholemodule;
				SWIFT_OPTIMIZATION_LEVEL = "-O";
				VALIDATE_PRODUCT = YES;
			};
			name = Release;
		};
		4FF3E1AD25383076003B5E16 /* Debug */ = {
			isa = XCBuildConfiguration;
			buildSettings = {
				ASSETCATALOG_COMPILER_APPICON_NAME = AppIcon;
				CODE_SIGN_STYLE = Automatic;
				DEVELOPMENT_TEAM = LPEDTJU8WA;
				INFOPLIST_FILE = so64366673/Info.plist;
				LD_RUNPATH_SEARCH_PATHS = (
					"$(inherited)",
					"@executable_path/Frameworks",
				);
				PRODUCT_BUNDLE_IDENTIFIER = test2ewrwerewrwe;
				PRODUCT_NAME = "$(TARGET_NAME)";
				SWIFT_VERSION = 5.0;
				TARGETED_DEVICE_FAMILY = "1,2";
			};
			name = Debug;
		};
		4FF3E1AE25383076003B5E16 /* Release */ = {
			isa = XCBuildConfiguration;
			buildSettings = {
				ASSETCATALOG_COMPILER_APPICON_NAME = AppIcon;
				CODE_SIGN_STYLE = Automatic;
				DEVELOPMENT_TEAM = LPEDTJU8WA;
				INFOPLIST_FILE = so64366673/Info.plist;
				LD_RUNPATH_SEARCH_PATHS = (
					"$(inherited)",
					"@executable_path/Frameworks",
				);
				PRODUCT_BUNDLE_IDENTIFIER = test2ewrwerewrwe;
				PRODUCT_NAME = "$(TARGET_NAME)";
				SWIFT_VERSION = 5.0;
				TARGETED_DEVICE_FAMILY = "1,2";
			};
			name = Release;
		};
/* End XCBuildConfiguration section */

/* Begin XCConfigurationList section */
		4FF3E19325383074003B5E16 /* Build configuration list for PBXProject "so64366673" */ = {
			isa = XCConfigurationList;
			buildConfigurations = (
				4FF3E1AA25383076003B5E16 /* Debug */,
				4FF3E1AB25383076003B5E16 /* Release */,
			);
			defaultConfigurationIsVisible = 0;
			defaultConfigurationName = Release;
		};
		4FF3E1AC25383076003B5E16 /* Build configuration list for PBXNativeTarget "so64366673" */ = {
			isa = XCConfigurationList;
			buildConfigurations = (
				4FF3E1AD25383076003B5E16 /* Debug */,
				4FF3E1AE25383076003B5E16 /* Release */,
			);
			defaultConfigurationIsVisible = 0;
			defaultConfigurationName = Release;
		};
/* End XCConfigurationList section */
	};
	rootObject = 4FF3E19025383074003B5E16 /* Project object */;
}
